<Solution>
  <Project Path="homework1/homework1.csproj" />
  <Project Path="homework2/homework2.csproj" Id="6ed63bbb-2ac7-498b-b13f-02704dbcb132" />
  <Project Path="homework3/homework3.csproj" Id="ef9faf6f-99ea-4842-8290-a44dfaadbfb1" />
  <Project Path="homework4/homework4.csproj" Id="8ad24da8-f338-4e09-886b-1e6a88115baa" />
  <Project Path="homework5/homework5.csproj" Id="e7a91147-9592-4c87-a67d-dfd4684859df" />
  <Project Path="homework6/homework6.csproj" Id="5458dc5d-0573-4068-ab4d-dc05668818b7" />
  <Project Path="homework7/homework7.csproj" Id="bf1744d1-7f09-48ed-9b49-3ae861b08102" />
</Solution>
